{
  "name": "nl.arendz.miele",
  "version": "0.1.2",
  "lockfileVersion": 1,
  "requires": true,
  "dependencies": {
    "@types/homey": {
      "version": "npm:homey-apps-sdk-v3-types@0.1.0",
      "resolved": "https://registry.npmjs.org/homey-apps-sdk-v3-types/-/homey-apps-sdk-v3-types-0.1.0.tgz",
      "integrity": "sha512-6oafbv/9Tj7CbDONWVW88owHGxb7GsZZIg3VsL2UEccadfqf6f3jCoRGEgS94V1bkclNN+TKdfAOWEPpOIOt1A==",
      "dev": true,
      "requires": {
        "@types/node": "^14.14.20"
      }
    },
    "@types/node": {
      "version": "14.18.11",
      "resolved": "https://registry.npmjs.org/@types/node/-/node-14.18.11.tgz",
      "integrity": "sha512-zCoCEMA+IPpsRkyCFBqew5vGb7r8RSiB3uwdu/map7uwLAfu1MTazW26/pUDWoNnF88vJz4W3U56i5gtXNqxGg==",
      "dev": true
    },
    "node-fetch": {
      "version": "2.6.6",
      "resolved": "https://registry.npmjs.org/node-fetch/-/node-fetch-2.6.6.tgz",
      "integrity": "sha512-Z8/6vRlTUChSdIgMa51jxQ4lrw/Jy5SOW10ObaA47/RElsAN2c5Pn8bTgFGWn/ibwzXTE8qwr1Yzx28vsecXEA==",
      "requires": {
        "whatwg-url": "^5.0.0"
      }
    },
    "promise-queue": {
      "version": "2.2.5",
      "resolved": "https://registry.npmjs.org/promise-queue/-/promise-queue-2.2.5.tgz",
      "integrity": "sha1-L29ffA9tCBCelnZZx5uIqe1ek7Q="
    },
    "tr46": {
      "version": "0.0.3",
      "resolved": "https://registry.npmjs.org/tr46/-/tr46-0.0.3.tgz",
      "integrity": "sha1-gYT9NH2snNwYWZLzpmIuFLnZq2o="
    },
    "webidl-conversions": {
      "version": "3.0.1",
      "resolved": "https://registry.npmjs.org/webidl-conversions/-/webidl-conversions-3.0.1.tgz",
      "integrity": "sha1-JFNCdeKnvGvnvIZhHMFq4KVlSHE="
    },
    "whatwg-url": {
      "version": "5.0.0",
      "resolved": "https://registry.npmjs.org/whatwg-url/-/whatwg-url-5.0.0.tgz",
      "integrity": "sha1-lmRU6HZUYuN2RNNib2dCzotwll0=",
      "requires": {
        "tr46": "~0.0.3",
        "webidl-conversions": "^3.0.0"
      }
    }
  }
}
